
Microsoft Visual Studio Solution File, Format Version 12.00
# Visual Studio Version 16
VisualStudioVersion = 16.0.31402.337
MinimumVisualStudioVersion = 10.0.40219.1
Project("{9A19103F-16F7-4668-BE54-9A1E7A4F7556}") = "AupRename", "AupRename\AupRename.csproj", "{A2F6F108-5053-46E9-9900-CC70D3986CDE}"
EndProject
Project("{9A19103F-16F7-4668-BE54-9A1E7A4F7556}") = "AupDotNet", "AupDotNet\src\AupDotNet\AupDotNet.csproj", "{4D4315BF-26E6-42D6-AD9B-A8CE08E80599}"
EndProject
Global
	GlobalSection(SolutionConfigurationPlatforms) = preSolution
		Debug|Any CPU = Debug|Any CPU
		Release|Any CPU = Release|Any CPU
	EndGlobalSection
	GlobalSection(ProjectConfigurationPlatforms) = postSolution
		{A2F6F108-5053-46E9-9900-CC70D3986CDE}.Debug|Any CPU.ActiveCfg = Debug|Any CPU
		{A2F6F108-5053-46E9-9900-CC70D3986CDE}.Debug|Any CPU.Build.0 = Debug|Any CPU
		{A2F6F108-5053-46E9-9900-CC70D3986CDE}.Release|Any CPU.ActiveCfg = Release|Any CPU
		{A2F6F108-5053-46E9-9900-CC70D3986CDE}.Release|Any CPU.Build.0 = Release|Any CPU
		{4D4315BF-26E6-42D6-AD9B-A8CE08E80599}.Debug|Any CPU.ActiveCfg = Debug|Any CPU
		{4D4315BF-26E6-42D6-AD9B-A8CE08E80599}.Debug|Any CPU.Build.0 = Debug|Any CPU
		{4D4315BF-26E6-42D6-AD9B-A8CE08E80599}.Release|Any CPU.ActiveCfg = Release|Any CPU
		{4D4315BF-26E6-42D6-AD9B-A8CE08E80599}.Release|Any CPU.Build.0 = Release|Any CPU
	EndGlobalSection
	GlobalSection(SolutionProperties) = preSolution
		HideSolutionNode = FALSE
	EndGlobalSection
	GlobalSection(ExtensibilityGlobals) = postSolution
		SolutionGuid = {1D12A46B-ABA9-47CD-B04D-79519209F4C3}
	EndGlobalSection
EndGlobal
